
Microsoft Visual Studio Solution File, Format Version 12.00
# Visual Studio Version 17
VisualStudioVersion = 17.4.33213.308
MinimumVisualStudioVersion = 10.0.40219.1
Project("{FAE04EC0-301F-11D3-BF4B-00C04F79EFBC}") = "EUPtoUB", "EUPtoUB.csproj", "{37B211E5-2F37-4C6C-B316-04A378EAAC5D}"
EndProject
Global
	GlobalSection(SolutionConfigurationPlatforms) = preSolution
		Debug|Any CPU = Debug|Any CPU
		Release|Any CPU = Release|Any CPU
	EndGlobalSection
	GlobalSection(ProjectConfigurationPlatforms) = postSolution
		{37B211E5-2F37-4C6C-B316-04A378EAAC5D}.Release|Any CPU.ActiveCfg = Release|Any CPU
		{37B211E5-2F37-4C6C-B316-04A378EAAC5D}.Release|Any CPU.Build.0 = Release|Any CPU
		{37B211E5-2F37-4C6C-B316-04A378EAAC5D}.Debug|Any CPU.ActiveCfg = Release|Any CPU
		{37B211E5-2F37-4C6C-B316-04A378EAAC5D}.Debug|Any CPU.Build.0 = Release|Any CPU
	EndGlobalSection
	GlobalSection(SolutionProperties) = preSolution
		HideSolutionNode = FALSE
	EndGlobalSection
	GlobalSection(ExtensibilityGlobals) = postSolution
		SolutionGuid = {1FCD2088-8B9A-430A-9451-E1AA5EBCD1FC}
	EndGlobalSection
EndGlobal
